
Microsoft Visual Studio Solution File, Format Version 12.00
# Visual Studio Version 17
VisualStudioVersion = 17.0.31903.59
MinimumVisualStudioVersion = 10.0.40219.1
Project("{9A19103F-16F7-4668-BE54-9A1E7A4F7556}") = "Documentos.Brasileiros", "Documentos.Brasileiros\Documentos.Brasileiros.csproj", "{0142D3CE-127F-405B-A5AF-9945A180436B}"
EndProject
Project("{FAE04EC0-301F-11D3-BF4B-00C04F79EFBC}") = "Documentos.Brasileiros.Testes", "Documentos.Brasileiros.Testes\Documentos.Brasileiros.Testes.csproj", "{8C3BA6BC-FA1F-4325-A589-1604A0C04735}"
EndProject
Global
	GlobalSection(SolutionConfigurationPlatforms) = preSolution
		Debug|Any CPU = Debug|Any CPU
		Release|Any CPU = Release|Any CPU
	EndGlobalSection
	GlobalSection(ProjectConfigurationPlatforms) = postSolution
		{0142D3CE-127F-405B-A5AF-9945A180436B}.Debug|Any CPU.ActiveCfg = Debug|Any CPU
		{0142D3CE-127F-405B-A5AF-9945A180436B}.Debug|Any CPU.Build.0 = Debug|Any CPU
		{0142D3CE-127F-405B-A5AF-9945A180436B}.Release|Any CPU.ActiveCfg = Release|Any CPU
		{0142D3CE-127F-405B-A5AF-9945A180436B}.Release|Any CPU.Build.0 = Release|Any CPU
		{8C3BA6BC-FA1F-4325-A589-1604A0C04735}.Debug|Any CPU.ActiveCfg = Debug|Any CPU
		{8C3BA6BC-FA1F-4325-A589-1604A0C04735}.Debug|Any CPU.Build.0 = Debug|Any CPU
		{8C3BA6BC-FA1F-4325-A589-1604A0C04735}.Release|Any CPU.ActiveCfg = Release|Any CPU
		{8C3BA6BC-FA1F-4325-A589-1604A0C04735}.Release|Any CPU.Build.0 = Release|Any CPU
	EndGlobalSection
	GlobalSection(SolutionProperties) = preSolution
		HideSolutionNode = FALSE
	EndGlobalSection
	GlobalSection(ExtensibilityGlobals) = postSolution
		SolutionGuid = {AE08608F-F3B0-4A92-A0AC-9C8A5ED31FB9}
	EndGlobalSection
EndGlobal
